
Microsoft Visual Studio Solution File, Format Version 12.00
# Visual Studio 15
VisualStudioVersion = 15.0.27428.2037
MinimumVisualStudioVersion = 10.0.40219.1
Project("{FAE04EC0-301F-11D3-BF4B-00C04F79EFBC}") = "Web_Kactus_Test", "Web_Kactus_Test\Web_Kactus_Test.csproj", "{AC5EB53E-D57D-4DDE-B0D1-BBA7A2D67572}"
EndProject
Project("{2150E333-8FDC-42A3-9474-1A3956D46DE8}") = "Solution Items", "Solution Items", "{CE8F02E2-B9A4-4798-B24C-68B7EB290069}"
	ProjectSection(SolutionItems) = preProject
		TestSettings1.testsettings = TestSettings1.testsettings
	EndProjectSection
EndProject
Project("{FAE04EC0-301F-11D3-BF4B-00C04F79EFBC}") = "APITest", "SeleniumAPITest\APITest.csproj", "{9E00B064-79C7-4A6C-89FC-C52B627C150A}"
EndProject
Project("{FAE04EC0-301F-11D3-BF4B-00C04F79EFBC}") = "Web_Kactus_Test_V2", "Web_KActus_test_V2\Web_Kactus_Test_V2.csproj", "{5ED25C38-4D21-4C32-8914-E9FFA55E8637}"
EndProject
Global
	GlobalSection(SolutionConfigurationPlatforms) = preSolution
		Debug|Any CPU = Debug|Any CPU
		Release|Any CPU = Release|Any CPU
	EndGlobalSection
	GlobalSection(ProjectConfigurationPlatforms) = postSolution
		{AC5EB53E-D57D-4DDE-B0D1-BBA7A2D67572}.Debug|Any CPU.ActiveCfg = Debug|Any CPU
		{AC5EB53E-D57D-4DDE-B0D1-BBA7A2D67572}.Debug|Any CPU.Build.0 = Debug|Any CPU
		{AC5EB53E-D57D-4DDE-B0D1-BBA7A2D67572}.Release|Any CPU.ActiveCfg = Release|Any CPU
		{AC5EB53E-D57D-4DDE-B0D1-BBA7A2D67572}.Release|Any CPU.Build.0 = Release|Any CPU
		{9E00B064-79C7-4A6C-89FC-C52B627C150A}.Debug|Any CPU.ActiveCfg = Debug|Any CPU
		{9E00B064-79C7-4A6C-89FC-C52B627C150A}.Debug|Any CPU.Build.0 = Debug|Any CPU
		{9E00B064-79C7-4A6C-89FC-C52B627C150A}.Release|Any CPU.ActiveCfg = Release|Any CPU
		{9E00B064-79C7-4A6C-89FC-C52B627C150A}.Release|Any CPU.Build.0 = Release|Any CPU
		{5ED25C38-4D21-4C32-8914-E9FFA55E8637}.Debug|Any CPU.ActiveCfg = Debug|Any CPU
		{5ED25C38-4D21-4C32-8914-E9FFA55E8637}.Debug|Any CPU.Build.0 = Debug|Any CPU
		{5ED25C38-4D21-4C32-8914-E9FFA55E8637}.Release|Any CPU.ActiveCfg = Release|Any CPU
		{5ED25C38-4D21-4C32-8914-E9FFA55E8637}.Release|Any CPU.Build.0 = Release|Any CPU
	EndGlobalSection
	GlobalSection(SolutionProperties) = preSolution
		HideSolutionNode = FALSE
	EndGlobalSection
	GlobalSection(ExtensibilityGlobals) = postSolution
		SolutionGuid = {F010222D-EABD-446D-8241-1C7465BA9DF0}
	EndGlobalSection
EndGlobal
